
Microsoft Visual Studio Solution File, Format Version 12.00
# Visual Studio 15
VisualStudioVersion = 15.0.26124.0
MinimumVisualStudioVersion = 15.0.26124.0
Project("{FAE04EC0-301F-11D3-BF4B-00C04F79EFBC}") = "Day1", "src\Day1\Day1.csproj", "{2635652D-4CD9-4AEC-84AF-90AD7A49C06C}"
EndProject
Project("{FAE04EC0-301F-11D3-BF4B-00C04F79EFBC}") = "Day1.Tests", "test\Day1.Tests\Day1.Tests.csproj", "{B48ECFBA-37A3-4645-9D16-646A1E0249F0}"
EndProject
Project("{FAE04EC0-301F-11D3-BF4B-00C04F79EFBC}") = "Day2", "src\Day2\Day2.csproj", "{0DC7F089-374A-4925-A5E6-BE0469965749}"
EndProject
Project("{FAE04EC0-301F-11D3-BF4B-00C04F79EFBC}") = "Day2.Tests", "test\Day2.Tests\Day2.Tests.csproj", "{08775A45-6A78-4B8F-BE71-B36BE17059F6}"
EndProject
Project("{FAE04EC0-301F-11D3-BF4B-00C04F79EFBC}") = "Day3.Tests", "test\Day3.Tests\Day3.Tests.csproj", "{A8FCFD33-BB9E-443F-857D-DD73F5B14A4A}"
EndProject
Project("{FAE04EC0-301F-11D3-BF4B-00C04F79EFBC}") = "Day3", "src\Day3\Day3.csproj", "{23E5BE16-145C-4894-BC98-F23BFF57C0AC}"
EndProject
Project("{FAE04EC0-301F-11D3-BF4B-00C04F79EFBC}") = "Day4", "src\Day4\Day4.csproj", "{0FCFF59A-572B-4FBE-97B9-4A232D5CDEA9}"
EndProject
Project("{FAE04EC0-301F-11D3-BF4B-00C04F79EFBC}") = "Day4.Tests", "test\Day4.Tests\Day4.Tests.csproj", "{09238A72-ED17-4EA5-A839-D122808CEEE9}"
EndProject
Project("{FAE04EC0-301F-11D3-BF4B-00C04F79EFBC}") = "Day5", "src\Day5\Day5.csproj", "{C7F6F3D4-C3C7-4868-98F3-A53ECD46D59F}"
EndProject
Project("{FAE04EC0-301F-11D3-BF4B-00C04F79EFBC}") = "Day5.Tests", "test\Day5.Tests\Day5.Tests.csproj", "{E3DF2DDC-DEEF-4BA7-B90D-1B7640665E50}"
EndProject
Global
	GlobalSection(SolutionConfigurationPlatforms) = preSolution
		Debug|Any CPU = Debug|Any CPU
		Debug|x64 = Debug|x64
		Debug|x86 = Debug|x86
		Release|Any CPU = Release|Any CPU
		Release|x64 = Release|x64
		Release|x86 = Release|x86
	EndGlobalSection
	GlobalSection(SolutionProperties) = preSolution
		HideSolutionNode = FALSE
	EndGlobalSection
	GlobalSection(ProjectConfigurationPlatforms) = postSolution
		{2635652D-4CD9-4AEC-84AF-90AD7A49C06C}.Debug|Any CPU.ActiveCfg = Debug|Any CPU
		{2635652D-4CD9-4AEC-84AF-90AD7A49C06C}.Debug|Any CPU.Build.0 = Debug|Any CPU
		{2635652D-4CD9-4AEC-84AF-90AD7A49C06C}.Debug|x64.ActiveCfg = Debug|Any CPU
		{2635652D-4CD9-4AEC-84AF-90AD7A49C06C}.Debug|x64.Build.0 = Debug|Any CPU
		{2635652D-4CD9-4AEC-84AF-90AD7A49C06C}.Debug|x86.ActiveCfg = Debug|Any CPU
		{2635652D-4CD9-4AEC-84AF-90AD7A49C06C}.Debug|x86.Build.0 = Debug|Any CPU
		{2635652D-4CD9-4AEC-84AF-90AD7A49C06C}.Release|Any CPU.ActiveCfg = Release|Any CPU
		{2635652D-4CD9-4AEC-84AF-90AD7A49C06C}.Release|Any CPU.Build.0 = Release|Any CPU
		{2635652D-4CD9-4AEC-84AF-90AD7A49C06C}.Release|x64.ActiveCfg = Release|Any CPU
		{2635652D-4CD9-4AEC-84AF-90AD7A49C06C}.Release|x64.Build.0 = Release|Any CPU
		{2635652D-4CD9-4AEC-84AF-90AD7A49C06C}.Release|x86.ActiveCfg = Release|Any CPU
		{2635652D-4CD9-4AEC-84AF-90AD7A49C06C}.Release|x86.Build.0 = Release|Any CPU
		{B48ECFBA-37A3-4645-9D16-646A1E0249F0}.Debug|Any CPU.ActiveCfg = Debug|Any CPU
		{B48ECFBA-37A3-4645-9D16-646A1E0249F0}.Debug|Any CPU.Build.0 = Debug|Any CPU
		{B48ECFBA-37A3-4645-9D16-646A1E0249F0}.Debug|x64.ActiveCfg = Debug|Any CPU
		{B48ECFBA-37A3-4645-9D16-646A1E0249F0}.Debug|x64.Build.0 = Debug|Any CPU
		{B48ECFBA-37A3-4645-9D16-646A1E0249F0}.Debug|x86.ActiveCfg = Debug|Any CPU
		{B48ECFBA-37A3-4645-9D16-646A1E0249F0}.Debug|x86.Build.0 = Debug|Any CPU
		{B48ECFBA-37A3-4645-9D16-646A1E0249F0}.Release|Any CPU.ActiveCfg = Release|Any CPU
		{B48ECFBA-37A3-4645-9D16-646A1E0249F0}.Release|Any CPU.Build.0 = Release|Any CPU
		{B48ECFBA-37A3-4645-9D16-646A1E0249F0}.Release|x64.ActiveCfg = Release|Any CPU
		{B48ECFBA-37A3-4645-9D16-646A1E0249F0}.Release|x64.Build.0 = Release|Any CPU
		{B48ECFBA-37A3-4645-9D16-646A1E0249F0}.Release|x86.ActiveCfg = Release|Any CPU
		{B48ECFBA-37A3-4645-9D16-646A1E0249F0}.Release|x86.Build.0 = Release|Any CPU
		{0DC7F089-374A-4925-A5E6-BE0469965749}.Debug|Any CPU.ActiveCfg = Debug|Any CPU
		{0DC7F089-374A-4925-A5E6-BE0469965749}.Debug|Any CPU.Build.0 = Debug|Any CPU
		{0DC7F089-374A-4925-A5E6-BE0469965749}.Debug|x64.ActiveCfg = Debug|Any CPU
		{0DC7F089-374A-4925-A5E6-BE0469965749}.Debug|x64.Build.0 = Debug|Any CPU
		{0DC7F089-374A-4925-A5E6-BE0469965749}.Debug|x86.ActiveCfg = Debug|Any CPU
		{0DC7F089-374A-4925-A5E6-BE0469965749}.Debug|x86.Build.0 = Debug|Any CPU
		{0DC7F089-374A-4925-A5E6-BE0469965749}.Release|Any CPU.ActiveCfg = Release|Any CPU
		{0DC7F089-374A-4925-A5E6-BE0469965749}.Release|Any CPU.Build.0 = Release|Any CPU
		{0DC7F089-374A-4925-A5E6-BE0469965749}.Release|x64.ActiveCfg = Release|Any CPU
		{0DC7F089-374A-4925-A5E6-BE0469965749}.Release|x64.Build.0 = Release|Any CPU
		{0DC7F089-374A-4925-A5E6-BE0469965749}.Release|x86.ActiveCfg = Release|Any CPU
		{0DC7F089-374A-4925-A5E6-BE0469965749}.Release|x86.Build.0 = Release|Any CPU
		{08775A45-6A78-4B8F-BE71-B36BE17059F6}.Debug|Any CPU.ActiveCfg = Debug|Any CPU
		{08775A45-6A78-4B8F-BE71-B36BE17059F6}.Debug|Any CPU.Build.0 = Debug|Any CPU
		{08775A45-6A78-4B8F-BE71-B36BE17059F6}.Debug|x64.ActiveCfg = Debug|Any CPU
		{08775A45-6A78-4B8F-BE71-B36BE17059F6}.Debug|x64.Build.0 = Debug|Any CPU
		{08775A45-6A78-4B8F-BE71-B36BE17059F6}.Debug|x86.ActiveCfg = Debug|Any CPU
		{08775A45-6A78-4B8F-BE71-B36BE17059F6}.Debug|x86.Build.0 = Debug|Any CPU
		{08775A45-6A78-4B8F-BE71-B36BE17059F6}.Release|Any CPU.ActiveCfg = Release|Any CPU
		{08775A45-6A78-4B8F-BE71-B36BE17059F6}.Release|Any CPU.Build.0 = Release|Any CPU
		{08775A45-6A78-4B8F-BE71-B36BE17059F6}.Release|x64.ActiveCfg = Release|Any CPU
		{08775A45-6A78-4B8F-BE71-B36BE17059F6}.Release|x64.Build.0 = Release|Any CPU
		{08775A45-6A78-4B8F-BE71-B36BE17059F6}.Release|x86.ActiveCfg = Release|Any CPU
		{08775A45-6A78-4B8F-BE71-B36BE17059F6}.Release|x86.Build.0 = Release|Any CPU
		{A8FCFD33-BB9E-443F-857D-DD73F5B14A4A}.Debug|Any CPU.ActiveCfg = Debug|Any CPU
		{A8FCFD33-BB9E-443F-857D-DD73F5B14A4A}.Debug|Any CPU.Build.0 = Debug|Any CPU
		{A8FCFD33-BB9E-443F-857D-DD73F5B14A4A}.Debug|x64.ActiveCfg = Debug|Any CPU
		{A8FCFD33-BB9E-443F-857D-DD73F5B14A4A}.Debug|x64.Build.0 = Debug|Any CPU
		{A8FCFD33-BB9E-443F-857D-DD73F5B14A4A}.Debug|x86.ActiveCfg = Debug|Any CPU
		{A8FCFD33-BB9E-443F-857D-DD73F5B14A4A}.Debug|x86.Build.0 = Debug|Any CPU
		{A8FCFD33-BB9E-443F-857D-DD73F5B14A4A}.Release|Any CPU.ActiveCfg = Release|Any CPU
		{A8FCFD33-BB9E-443F-857D-DD73F5B14A4A}.Release|Any CPU.Build.0 = Release|Any CPU
		{A8FCFD33-BB9E-443F-857D-DD73F5B14A4A}.Release|x64.ActiveCfg = Release|Any CPU
		{A8FCFD33-BB9E-443F-857D-DD73F5B14A4A}.Release|x64.Build.0 = Release|Any CPU
		{A8FCFD33-BB9E-443F-857D-DD73F5B14A4A}.Release|x86.ActiveCfg = Release|Any CPU
		{A8FCFD33-BB9E-443F-857D-DD73F5B14A4A}.Release|x86.Build.0 = Release|Any CPU
		{23E5BE16-145C-4894-BC98-F23BFF57C0AC}.Debug|Any CPU.ActiveCfg = Debug|Any CPU
		{23E5BE16-145C-4894-BC98-F23BFF57C0AC}.Debug|Any CPU.Build.0 = Debug|Any CPU
		{23E5BE16-145C-4894-BC98-F23BFF57C0AC}.Debug|x64.ActiveCfg = Debug|Any CPU
		{23E5BE16-145C-4894-BC98-F23BFF57C0AC}.Debug|x64.Build.0 = Debug|Any CPU
		{23E5BE16-145C-4894-BC98-F23BFF57C0AC}.Debug|x86.ActiveCfg = Debug|Any CPU
		{23E5BE16-145C-4894-BC98-F23BFF57C0AC}.Debug|x86.Build.0 = Debug|Any CPU
		{23E5BE16-145C-4894-BC98-F23BFF57C0AC}.Release|Any CPU.ActiveCfg = Release|Any CPU
		{23E5BE16-145C-4894-BC98-F23BFF57C0AC}.Release|Any CPU.Build.0 = Release|Any CPU
		{23E5BE16-145C-4894-BC98-F23BFF57C0AC}.Release|x64.ActiveCfg = Release|Any CPU
		{23E5BE16-145C-4894-BC98-F23BFF57C0AC}.Release|x64.Build.0 = Release|Any CPU
		{23E5BE16-145C-4894-BC98-F23BFF57C0AC}.Release|x86.ActiveCfg = Release|Any CPU
		{23E5BE16-145C-4894-BC98-F23BFF57C0AC}.Release|x86.Build.0 = Release|Any CPU
		{0FCFF59A-572B-4FBE-97B9-4A232D5CDEA9}.Debug|Any CPU.ActiveCfg = Debug|Any CPU
		{0FCFF59A-572B-4FBE-97B9-4A232D5CDEA9}.Debug|Any CPU.Build.0 = Debug|Any CPU
		{0FCFF59A-572B-4FBE-97B9-4A232D5CDEA9}.Debug|x64.ActiveCfg = Debug|Any CPU
		{0FCFF59A-572B-4FBE-97B9-4A232D5CDEA9}.Debug|x64.Build.0 = Debug|Any CPU
		{0FCFF59A-572B-4FBE-97B9-4A232D5CDEA9}.Debug|x86.ActiveCfg = Debug|Any CPU
		{0FCFF59A-572B-4FBE-97B9-4A232D5CDEA9}.Debug|x86.Build.0 = Debug|Any CPU
		{0FCFF59A-572B-4FBE-97B9-4A232D5CDEA9}.Release|Any CPU.ActiveCfg = Release|Any CPU
		{0FCFF59A-572B-4FBE-97B9-4A232D5CDEA9}.Release|Any CPU.Build.0 = Release|Any CPU
		{0FCFF59A-572B-4FBE-97B9-4A232D5CDEA9}.Release|x64.ActiveCfg = Release|Any CPU
		{0FCFF59A-572B-4FBE-97B9-4A232D5CDEA9}.Release|x64.Build.0 = Release|Any CPU
		{0FCFF59A-572B-4FBE-97B9-4A232D5CDEA9}.Release|x86.ActiveCfg = Release|Any CPU
		{0FCFF59A-572B-4FBE-97B9-4A232D5CDEA9}.Release|x86.Build.0 = Release|Any CPU
		{09238A72-ED17-4EA5-A839-D122808CEEE9}.Debug|Any CPU.ActiveCfg = Debug|Any CPU
		{09238A72-ED17-4EA5-A839-D122808CEEE9}.Debug|Any CPU.Build.0 = Debug|Any CPU
		{09238A72-ED17-4EA5-A839-D122808CEEE9}.Debug|x64.ActiveCfg = Debug|Any CPU
		{09238A72-ED17-4EA5-A839-D122808CEEE9}.Debug|x64.Build.0 = Debug|Any CPU
		{09238A72-ED17-4EA5-A839-D122808CEEE9}.Debug|x86.ActiveCfg = Debug|Any CPU
		{09238A72-ED17-4EA5-A839-D122808CEEE9}.Debug|x86.Build.0 = Debug|Any CPU
		{09238A72-ED17-4EA5-A839-D122808CEEE9}.Release|Any CPU.ActiveCfg = Release|Any CPU
		{09238A72-ED17-4EA5-A839-D122808CEEE9}.Release|Any CPU.Build.0 = Release|Any CPU
		{09238A72-ED17-4EA5-A839-D122808CEEE9}.Release|x64.ActiveCfg = Release|Any CPU
		{09238A72-ED17-4EA5-A839-D122808CEEE9}.Release|x64.Build.0 = Release|Any CPU
		{09238A72-ED17-4EA5-A839-D122808CEEE9}.Release|x86.ActiveCfg = Release|Any CPU
		{09238A72-ED17-4EA5-A839-D122808CEEE9}.Release|x86.Build.0 = Release|Any CPU
		{C7F6F3D4-C3C7-4868-98F3-A53ECD46D59F}.Debug|Any CPU.ActiveCfg = Debug|Any CPU
		{C7F6F3D4-C3C7-4868-98F3-A53ECD46D59F}.Debug|Any CPU.Build.0 = Debug|Any CPU
		{C7F6F3D4-C3C7-4868-98F3-A53ECD46D59F}.Debug|x64.ActiveCfg = Debug|Any CPU
		{C7F6F3D4-C3C7-4868-98F3-A53ECD46D59F}.Debug|x64.Build.0 = Debug|Any CPU
		{C7F6F3D4-C3C7-4868-98F3-A53ECD46D59F}.Debug|x86.ActiveCfg = Debug|Any CPU
		{C7F6F3D4-C3C7-4868-98F3-A53ECD46D59F}.Debug|x86.Build.0 = Debug|Any CPU
		{C7F6F3D4-C3C7-4868-98F3-A53ECD46D59F}.Release|Any CPU.ActiveCfg = Release|Any CPU
		{C7F6F3D4-C3C7-4868-98F3-A53ECD46D59F}.Release|Any CPU.Build.0 = Release|Any CPU
		{C7F6F3D4-C3C7-4868-98F3-A53ECD46D59F}.Release|x64.ActiveCfg = Release|Any CPU
		{C7F6F3D4-C3C7-4868-98F3-A53ECD46D59F}.Release|x64.Build.0 = Release|Any CPU
		{C7F6F3D4-C3C7-4868-98F3-A53ECD46D59F}.Release|x86.ActiveCfg = Release|Any CPU
		{C7F6F3D4-C3C7-4868-98F3-A53ECD46D59F}.Release|x86.Build.0 = Release|Any CPU
		{E3DF2DDC-DEEF-4BA7-B90D-1B7640665E50}.Debug|Any CPU.ActiveCfg = Debug|Any CPU
		{E3DF2DDC-DEEF-4BA7-B90D-1B7640665E50}.Debug|Any CPU.Build.0 = Debug|Any CPU
		{E3DF2DDC-DEEF-4BA7-B90D-1B7640665E50}.Debug|x64.ActiveCfg = Debug|Any CPU
		{E3DF2DDC-DEEF-4BA7-B90D-1B7640665E50}.Debug|x64.Build.0 = Debug|Any CPU
		{E3DF2DDC-DEEF-4BA7-B90D-1B7640665E50}.Debug|x86.ActiveCfg = Debug|Any CPU
		{E3DF2DDC-DEEF-4BA7-B90D-1B7640665E50}.Debug|x86.Build.0 = Debug|Any CPU
		{E3DF2DDC-DEEF-4BA7-B90D-1B7640665E50}.Release|Any CPU.ActiveCfg = Release|Any CPU
		{E3DF2DDC-DEEF-4BA7-B90D-1B7640665E50}.Release|Any CPU.Build.0 = Release|Any CPU
		{E3DF2DDC-DEEF-4BA7-B90D-1B7640665E50}.Release|x64.ActiveCfg = Release|Any CPU
		{E3DF2DDC-DEEF-4BA7-B90D-1B7640665E50}.Release|x64.Build.0 = Release|Any CPU
		{E3DF2DDC-DEEF-4BA7-B90D-1B7640665E50}.Release|x86.ActiveCfg = Release|Any CPU
		{E3DF2DDC-DEEF-4BA7-B90D-1B7640665E50}.Release|x86.Build.0 = Release|Any CPU
	EndGlobalSection
EndGlobal
